
Microsoft Visual Studio Solution File, Format Version 12.00
# Visual Studio Version 17
VisualStudioVersion = 17.6.33723.286
MinimumVisualStudioVersion = 10.0.40219.1
Project("{FAE04EC0-301F-11D3-BF4B-00C04F79EFBC}") = "Classes", "Classes\Classes.csproj", "{6E7EB0FE-2754-4164-B31E-47B1955CF470}"
EndProject
Global
	GlobalSection(SolutionConfigurationPlatforms) = preSolution
		Debug|Any CPU = Debug|Any CPU
		Release|Any CPU = Release|Any CPU
	EndGlobalSection
	GlobalSection(ProjectConfigurationPlatforms) = postSolution
		{6E7EB0FE-2754-4164-B31E-47B1955CF470}.Debug|Any CPU.ActiveCfg = Debug|Any CPU
		{6E7EB0FE-2754-4164-B31E-47B1955CF470}.Debug|Any CPU.Build.0 = Debug|Any CPU
		{6E7EB0FE-2754-4164-B31E-47B1955CF470}.Release|Any CPU.ActiveCfg = Release|Any CPU
		{6E7EB0FE-2754-4164-B31E-47B1955CF470}.Release|Any CPU.Build.0 = Release|Any CPU
	EndGlobalSection
	GlobalSection(SolutionProperties) = preSolution
		HideSolutionNode = FALSE
	EndGlobalSection
	GlobalSection(ExtensibilityGlobals) = postSolution
		SolutionGuid = {B5DE42D7-D770-4CC9-97EB-C8EE597131A0}
	EndGlobalSection
EndGlobal
